// !$*UTF8*$!
{
	archiveVersion = 1;
	classes = {
	};
	objectVersion = 46;
	objects = {

/* Begin PBXBuildFile section */
		87E8A4051E28AC6A0080FD96 /* main.m in Sources */ = {isa = PBXBuildFile; fileRef = 87E8A4041E28AC6A0080FD96 /* main.m */; };
		87E8A4081E28AC6A0080FD96 /* AppDelegate.m in Sources */ = {isa = PBXBuildFile; fileRef = 87E8A4071E28AC6A0080FD96 /* AppDelegate.m */; };
		87E8A40E1E28AC6A0080FD96 /* Main.storyboard in Resources */ = {isa = PBXBuildFile; fileRef = 87E8A40C1E28AC6A0080FD96 /* Main.storyboard */; };
		87E8A4101E28AC6A0080FD96 /* Assets.xcassets in Resources */ = {isa = PBXBuildFile; fileRef = 87E8A40F1E28AC6A0080FD96 /* Assets.xcassets */; };
		87E8A4131E28AC6A0080FD96 /* LaunchScreen.storyboard in Resources */ = {isa = PBXBuildFile; fileRef = 87E8A4111E28AC6A0080FD96 /* LaunchScreen.storyboard */; };
		87E8A4201E28ACB90080FD96 /* BaseViewController.m in Sources */ = {isa = PBXBuildFile; fileRef = 87E8A41F1E28ACB90080FD96 /* BaseViewController.m */; };
		87E8A4241E28ACC70080FD96 /* LoginViewController.m in Sources */ = {isa = PBXBuildFile; fileRef = 87E8A4231E28ACC70080FD96 /* LoginViewController.m */; };
/* End PBXBuildFile section */

/* Begin PBXFileReference section */
		87E8A4001E28AC6A0080FD96 /* POC-Calabash.app */ = {isa = PBXFileReference; explicitFileType = wrapper.application; includeInIndex = 0; path = "POC-Calabash.app"; sourceTree = BUILT_PRODUCTS_DIR; };
		87E8A4041E28AC6A0080FD96 /* main.m */ = {isa = PBXFileReference; lastKnownFileType = sourcecode.c.objc; path = main.m; sourceTree = "<group>"; };
		87E8A4061E28AC6A0080FD96 /* AppDelegate.h */ = {isa = PBXFileReference; lastKnownFileType = sourcecode.c.h; path = AppDelegate.h; sourceTree = "<group>"; };
		87E8A4071E28AC6A0080FD96 /* AppDelegate.m */ = {isa = PBXFileReference; lastKnownFileType = sourcecode.c.objc; path = AppDelegate.m; sourceTree = "<group>"; };
		87E8A40D1E28AC6A0080FD96 /* Base */ = {isa = PBXFileReference; lastKnownFileType = file.storyboard; name = Base; path = Base.lproj/Main.storyboard; sourceTree = "<group>"; };
		87E8A40F1E28AC6A0080FD96 /* Assets.xcassets */ = {isa = PBXFileReference; lastKnownFileType = folder.assetcatalog; path = Assets.xcassets; sourceTree = "<group>"; };
		87E8A4121E28AC6A0080FD96 /* Base */ = {isa = PBXFileReference; lastKnownFileType = file.storyboard; name = Base; path = Base.lproj/LaunchScreen.storyboard; sourceTree = "<group>"; };
		87E8A4141E28AC6A0080FD96 /* Info.plist */ = {isa = PBXFileReference; lastKnownFileType = text.plist.xml; path = Info.plist; sourceTree = "<group>"; };
		87E8A41E1E28ACB90080FD96 /* BaseViewController.h */ = {isa = PBXFileReference; fileEncoding = 4; lastKnownFileType = sourcecode.c.h; path = BaseViewController.h; sourceTree = "<group>"; };
		87E8A41F1E28ACB90080FD96 /* BaseViewController.m */ = {isa = PBXFileReference; fileEncoding = 4; lastKnownFileType = sourcecode.c.objc; path = BaseViewController.m; sourceTree = "<group>"; };
		87E8A4221E28ACC70080FD96 /* LoginViewController.h */ = {isa = PBXFileReference; fileEncoding = 4; lastKnownFileType = sourcecode.c.h; path = LoginViewController.h; sourceTree = "<group>"; };
		87E8A4231E28ACC70080FD96 /* LoginViewController.m */ = {isa = PBXFileReference; fileEncoding = 4; lastKnownFileType = sourcecode.c.objc; path = LoginViewController.m; sourceTree = "<group>"; };
/* End PBXFileReference section */

/* Begin PBXFrameworksBuildPhase section */
		87E8A3FD1E28AC6A0080FD96 /* Frameworks */ = {
			isa = PBXFrameworksBuildPhase;
			buildActionMask = 2147483647;
			files = (
			);
			runOnlyForDeploymentPostprocessing = 0;
		};
/* End PBXFrameworksBuildPhase section */

/* Begin PBXGroup section */
		87E8A3F71E28AC6A0080FD96 = {
			isa = PBXGroup;
			children = (
				87E8A4021E28AC6A0080FD96 /* POC-Calabash */,
				87E8A4011E28AC6A0080FD96 /* Products */,
			);
			sourceTree = "<group>";
		};
		87E8A4011E28AC6A0080FD96 /* Products */ = {
			isa = PBXGroup;
			children = (
				87E8A4001E28AC6A0080FD96 /* POC-Calabash.app */,
			);
			name = Products;
			sourceTree = "<group>";
		};
		87E8A4021E28AC6A0080FD96 /* POC-Calabash */ = {
			isa = PBXGroup;
			children = (
				87E8A41A1E28AC770080FD96 /* Application */,
				87E8A41C1E28ACA50080FD96 /* Storyboards */,
				87E8A41B1E28AC830080FD96 /* ViewControllers */,
				87E8A4031E28AC6A0080FD96 /* Supporting Files */,
			);
			path = "POC-Calabash";
			sourceTree = "<group>";
		};
		87E8A4031E28AC6A0080FD96 /* Supporting Files */ = {
			isa = PBXGroup;
			children = (
				87E8A4041E28AC6A0080FD96 /* main.m */,
			);
			name = "Supporting Files";
			sourceTree = "<group>";
		};
		87E8A41A1E28AC770080FD96 /* Application */ = {
			isa = PBXGroup;
			children = (
				87E8A4061E28AC6A0080FD96 /* AppDelegate.h */,
				87E8A4071E28AC6A0080FD96 /* AppDelegate.m */,
				87E8A40F1E28AC6A0080FD96 /* Assets.xcassets */,
				87E8A4141E28AC6A0080FD96 /* Info.plist */,
			);
			name = Application;
			sourceTree = "<group>";
		};
		87E8A41B1E28AC830080FD96 /* ViewControllers */ = {
			isa = PBXGroup;
			children = (
				87E8A41D1E28ACB00080FD96 /* Base */,
				87E8A4221E28ACC70080FD96 /* LoginViewController.h */,
				87E8A4231E28ACC70080FD96 /* LoginViewController.m */,
			);
			name = ViewControllers;
			sourceTree = "<group>";
		};
		87E8A41C1E28ACA50080FD96 /* Storyboards */ = {
			isa = PBXGroup;
			children = (
				87E8A4111E28AC6A0080FD96 /* LaunchScreen.storyboard */,
				87E8A40C1E28AC6A0080FD96 /* Main.storyboard */,
			);
			name = Storyboards;
			sourceTree = "<group>";
		};
		87E8A41D1E28ACB00080FD96 /* Base */ = {
			isa = PBXGroup;
			children = (
				87E8A41E1E28ACB90080FD96 /* BaseViewController.h */,
				87E8A41F1E28ACB90080FD96 /* BaseViewController.m */,
			);
			name = Base;
			sourceTree = "<group>";
		};
/* End PBXGroup section */

/* Begin PBXNativeTarget section */
		87E8A3FF1E28AC6A0080FD96 /* POC-Calabash */ = {
			isa = PBXNativeTarget;
			buildConfigurationList = 87E8A4171E28AC6A0080FD96 /* Build configuration list for PBXNativeTarget "POC-Calabash" */;
			buildPhases = (
				87E8A3FC1E28AC6A0080FD96 /* Sources */,
				87E8A3FD1E28AC6A0080FD96 /* Frameworks */,
				87E8A3FE1E28AC6A0080FD96 /* Resources */,
			);
			buildRules = (
			);
			dependencies = (
			);
			name = "POC-Calabash";
			productName = "POC-Calabash";
			productReference = 87E8A4001E28AC6A0080FD96 /* POC-Calabash.app */;
			productType = "com.apple.product-type.application";
		};
/* End PBXNativeTarget section */

/* Begin PBXProject section */
		87E8A3F81E28AC6A0080FD96 /* Project object */ = {
			isa = PBXProject;
			attributes = {
				LastUpgradeCheck = 0810;
				ORGANIZATIONNAME = "Narbeh Mirzaei";
				TargetAttributes = {
					87E8A3FF1E28AC6A0080FD96 = {
						CreatedOnToolsVersion = 8.1;
						ProvisioningStyle = Automatic;
					};
				};
			};
			buildConfigurationList = 87E8A3FB1E28AC6A0080FD96 /* Build configuration list for PBXProject "POC-Calabash" */;
			compatibilityVersion = "Xcode 3.2";
			developmentRegion = English;
			hasScannedForEncodings = 0;
			knownRegions = (
				en,
				Base,
			);
			mainGroup = 87E8A3F71E28AC6A0080FD96;
			productRefGroup = 87E8A4011E28AC6A0080FD96 /* Products */;
			projectDirPath = "";
			projectRoot = "";
			targets = (
				87E8A3FF1E28AC6A0080FD96 /* POC-Calabash */,
			);
		};
/* End PBXProject section */

/* Begin PBXResourcesBuildPhase section */
		87E8A3FE1E28AC6A0080FD96 /* Resources */ = {
			isa = PBXResourcesBuildPhase;
			buildActionMask = 2147483647;
			files = (
				87E8A4131E28AC6A0080FD96 /* LaunchScreen.storyboard in Resources */,
				87E8A4101E28AC6A0080FD96 /* Assets.xcassets in Resources */,
				87E8A40E1E28AC6A0080FD96 /* Main.storyboard in Resources */,
			);
			runOnlyForDeploymentPostprocessing = 0;
		};
/* End PBXResourcesBuildPhase section */

/* Begin PBXSourcesBuildPhase section */
		87E8A3FC1E28AC6A0080FD96 /* Sources */ = {
			isa = PBXSourcesBuildPhase;
			buildActionMask = 2147483647;
			files = (
				87E8A4241E28ACC70080FD96 /* LoginViewController.m in Sources */,
				87E8A4081E28AC6A0080FD96 /* AppDelegate.m in Sources */,
				87E8A4201E28ACB90080FD96 /* BaseViewController.m in Sources */,
				87E8A4051E28AC6A0080FD96 /* main.m in Sources */,
			);
			runOnlyForDeploymentPostprocessing = 0;
		};
/* End PBXSourcesBuildPhase section */

/* Begin PBXVariantGroup section */
		87E8A40C1E28AC6A0080FD96 /* Main.storyboard */ = {
			isa = PBXVariantGroup;
			children = (
				87E8A40D1E28AC6A0080FD96 /* Base */,
			);
			name = Main.storyboard;
			sourceTree = "<group>";
		};
		87E8A4111E28AC6A0080FD96 /* LaunchScreen.storyboard */ = {
			isa = PBXVariantGroup;
			children = (
				87E8A4121E28AC6A0080FD96 /* Base */,
			);
			name = LaunchScreen.storyboard;
			sourceTree = "<group>";
		};
/* End PBXVariantGroup section */

/* Begin XCBuildConfiguration section */
		87E8A4151E28AC6A0080FD96 /* Debug */ = {
			isa = XCBuildConfiguration;
			buildSettings = {
				ALWAYS_SEARCH_USER_PATHS = NO;
				CLANG_ANALYZER_NONNULL = YES;
				CLANG_CXX_LANGUAGE_STANDARD = "gnu++0x";
				CLANG_CXX_LIBRARY = "libc++";
				CLANG_ENABLE_MODULES = YES;
				CLANG_ENABLE_OBJC_ARC = YES;
				CLANG_WARN_BOOL_CONVERSION = YES;
				CLANG_WARN_CONSTANT_CONVERSION = YES;
				CLANG_WARN_DIRECT_OBJC_ISA_USAGE = YES_ERROR;
				CLANG_WARN_DOCUMENTATION_COMMENTS = YES;
				CLANG_WARN_EMPTY_BODY = YES;
				CLANG_WARN_ENUM_CONVERSION = YES;
				CLANG_WARN_INFINITE_RECURSION = YES;
				CLANG_WARN_INT_CONVERSION = YES;
				CLANG_WARN_OBJC_ROOT_CLASS = YES_ERROR;
				CLANG_WARN_SUSPICIOUS_MOVES = YES;
				CLANG_WARN_UNREACHABLE_CODE = YES;
				CLANG_WARN__DUPLICATE_METHOD_MATCH = YES;
				"CODE_SIGN_IDENTITY[sdk=iphoneos*]" = "iPhone Developer";
				COPY_PHASE_STRIP = NO;
				DEBUG_INFORMATION_FORMAT = dwarf;
				ENABLE_STRICT_OBJC_MSGSEND = YES;
				ENABLE_TESTABILITY = YES;
				GCC_C_LANGUAGE_STANDARD = gnu99;
				GCC_DYNAMIC_NO_PIC = NO;
				GCC_NO_COMMON_BLOCKS = YES;
				GCC_OPTIMIZATION_LEVEL = 0;
				GCC_PREPROCESSOR_DEFINITIONS = (
					"DEBUG=1",
					"$(inherited)",
				);
				GCC_WARN_64_TO_32_BIT_CONVERSION = YES;
				GCC_WARN_ABOUT_RETURN_TYPE = YES_ERROR;
				GCC_WARN_UNDECLARED_SELECTOR = YES;
				GCC_WARN_UNINITIALIZED_AUTOS = YES_AGGRESSIVE;
				GCC_WARN_UNUSED_FUNCTION = YES;
				GCC_WARN_UNUSED_VARIABLE = YES;
				IPHONEOS_DEPLOYMENT_TARGET = 10.1;
				MTL_ENABLE_DEBUG_INFO = YES;
				ONLY_ACTIVE_ARCH = YES;
				SDKROOT = iphoneos;
			};
			name = Debug;
		};
		87E8A4161E28AC6A0080FD96 /* Release */ = {
			isa = XCBuildConfiguration;
			buildSettings = {
				ALWAYS_SEARCH_USER_PATHS = NO;
				CLANG_ANALYZER_NONNULL = YES;
				CLANG_CXX_LANGUAGE_STANDARD = "gnu++0x";
				CLANG_CXX_LIBRARY = "libc++";
				CLANG_ENABLE_MODULES = YES;
				CLANG_ENABLE_OBJC_ARC = YES;
				CLANG_WARN_BOOL_CONVERSION = YES;
				CLANG_WARN_CONSTANT_CONVERSION = YES;
				CLANG_WARN_DIRECT_OBJC_ISA_USAGE = YES_ERROR;
				CLANG_WARN_DOCUMENTATION_COMMENTS = YES;
				CLANG_WARN_EMPTY_BODY = YES;
				CLANG_WARN_ENUM_CONVERSION = YES;
				CLANG_WARN_INFINITE_RECURSION = YES;
				CLANG_WARN_INT_CONVERSION = YES;
				CLANG_WARN_OBJC_ROOT_CLASS = YES_ERROR;
				CLANG_WARN_SUSPICIOUS_MOVES = YES;
				CLANG_WARN_UNREACHABLE_CODE = YES;
				CLANG_WARN__DUPLICATE_METHOD_MATCH = YES;
				"CODE_SIGN_IDENTITY[sdk=iphoneos*]" = "iPhone Developer";
				COPY_PHASE_STRIP = NO;
				DEBUG_INFORMATION_FORMAT = "dwarf-with-dsym";
				ENABLE_NS_ASSERTIONS = NO;
				ENABLE_STRICT_OBJC_MSGSEND = YES;
				GCC_C_LANGUAGE_STANDARD = gnu99;
				GCC_NO_COMMON_BLOCKS = YES;
				GCC_WARN_64_TO_32_BIT_CONVERSION = YES;
				GCC_WARN_ABOUT_RETURN_TYPE = YES_ERROR;
				GCC_WARN_UNDECLARED_SELECTOR = YES;
				GCC_WARN_UNINITIALIZED_AUTOS = YES_AGGRESSIVE;
				GCC_WARN_UNUSED_FUNCTION = YES;
				GCC_WARN_UNUSED_VARIABLE = YES;
				IPHONEOS_DEPLOYMENT_TARGET = 10.1;
				MTL_ENABLE_DEBUG_INFO = NO;
				SDKROOT = iphoneos;
				VALIDATE_PRODUCT = YES;
			};
			name = Release;
		};
		87E8A4181E28AC6A0080FD96 /* Debug */ = {
			isa = XCBuildConfiguration;
			buildSettings = {
				ASSETCATALOG_COMPILER_APPICON_NAME = AppIcon;
				INFOPLIST_FILE = "POC-Calabash/Info.plist";
				LD_RUNPATH_SEARCH_PATHS = "$(inherited) @executable_path/Frameworks";
				PRODUCT_BUNDLE_IDENTIFIER = "com.narbeh.POC-Calabash";
				PRODUCT_NAME = "$(TARGET_NAME)";
			};
			name = Debug;
		};
		87E8A4191E28AC6A0080FD96 /* Release */ = {
			isa = XCBuildConfiguration;
			buildSettings = {
				ASSETCATALOG_COMPILER_APPICON_NAME = AppIcon;
				INFOPLIST_FILE = "POC-Calabash/Info.plist";
				LD_RUNPATH_SEARCH_PATHS = "$(inherited) @executable_path/Frameworks";
				PRODUCT_BUNDLE_IDENTIFIER = "com.narbeh.POC-Calabash";
				PRODUCT_NAME = "$(TARGET_NAME)";
			};
			name = Release;
		};
/* End XCBuildConfiguration section */

/* Begin XCConfigurationList section */
		87E8A3FB1E28AC6A0080FD96 /* Build configuration list for PBXProject "POC-Calabash" */ = {
			isa = XCConfigurationList;
			buildConfigurations = (
				87E8A4151E28AC6A0080FD96 /* Debug */,
				87E8A4161E28AC6A0080FD96 /* Release */,
			);
			defaultConfigurationIsVisible = 0;
			defaultConfigurationName = Release;
		};
		87E8A4171E28AC6A0080FD96 /* Build configuration list for PBXNativeTarget "POC-Calabash" */ = {
			isa = XCConfigurationList;
			buildConfigurations = (
				87E8A4181E28AC6A0080FD96 /* Debug */,
				87E8A4191E28AC6A0080FD96 /* Release */,
			);
			defaultConfigurationIsVisible = 0;
		};
/* End XCConfigurationList section */
	};
	rootObject = 87E8A3F81E28AC6A0080FD96 /* Project object */;
}
